// !$*UTF8*$!
{
	archiveVersion = 1;
	classes = {
	};
	objectVersion = 46;
	objects = {

/* Begin PBXBuildFile section */
		242F07BE1E2C4A5500400462 /* AppDelegate.swift in Sources */ = {isa = PBXBuildFile; fileRef = 242F07BD1E2C4A5500400462 /* AppDelegate.swift */; };
		242F07C51E2C4A5600400462 /* Assets.xcassets in Resources */ = {isa = PBXBuildFile; fileRef = 242F07C41E2C4A5600400462 /* Assets.xcassets */; };
		242F07C81E2C4A5600400462 /* LaunchScreen.storyboard in Resources */ = {isa = PBXBuildFile; fileRef = 242F07C61E2C4A5600400462 /* LaunchScreen.storyboard */; };
		2459F04E1E2D385C00B67E3A /* ic_send.png in Resources */ = {isa = PBXBuildFile; fileRef = 2459F03D1E2D385C00B67E3A /* ic_send.png */; };
		2459F04F1E2D385C00B67E3A /* ic_send_2x.png in Resources */ = {isa = PBXBuildFile; fileRef = 2459F03E1E2D385C00B67E3A /* ic_send_2x.png */; };
		2459F0501E2D385C00B67E3A /* ic_send_3x.png in Resources */ = {isa = PBXBuildFile; fileRef = 2459F03F1E2D385C00B67E3A /* ic_send_3x.png */; };
		2459F0571E2D39F000B67E3A /* ic_arrow_back_18pt_3x.png in Resources */ = {isa = PBXBuildFile; fileRef = 2459F0541E2D39F000B67E3A /* ic_arrow_back_18pt_3x.png */; };
		2459F0581E2D39F000B67E3A /* ic_arrow_back_18pt.png in Resources */ = {isa = PBXBuildFile; fileRef = 2459F0551E2D39F000B67E3A /* ic_arrow_back_18pt.png */; };
		2459F05D1E2D3CAC00B67E3A /* ic_add_a_photo_18pt_2x.png in Resources */ = {isa = PBXBuildFile; fileRef = 2459F05A1E2D3CAC00B67E3A /* ic_add_a_photo_18pt_2x.png */; };
		2459F05E1E2D3CAC00B67E3A /* ic_add_a_photo_18pt_3x.png in Resources */ = {isa = PBXBuildFile; fileRef = 2459F05B1E2D3CAC00B67E3A /* ic_add_a_photo_18pt_3x.png */; };
		2459F05F1E2D3CAC00B67E3A /* ic_add_a_photo_18pt.png in Resources */ = {isa = PBXBuildFile; fileRef = 2459F05C1E2D3CAC00B67E3A /* ic_add_a_photo_18pt.png */; };
		2459F0611E2D618400B67E3A /* GoogleService-Info.plist in Resources */ = {isa = PBXBuildFile; fileRef = 2459F0601E2D618400B67E3A /* GoogleService-Info.plist */; };
		E547B5731E39809E00F2075B /* LoginViewController.swift in Sources */ = {isa = PBXBuildFile; fileRef = E547B5721E39809E00F2075B /* LoginViewController.swift */; };
		E55C361A1E38389E0026E90E /* MainAppViewController.swift in Sources */ = {isa = PBXBuildFile; fileRef = E55C36191E38389E0026E90E /* MainAppViewController.swift */; };
		E5C2A57B1E31378600D35127 /* RootPageViewController.swift in Sources */ = {isa = PBXBuildFile; fileRef = E5C2A57A1E31378600D35127 /* RootPageViewController.swift */; };
		E5C2A57D1E31383E00D35127 /* Main.storyboard in Resources */ = {isa = PBXBuildFile; fileRef = E5C2A57C1E31383E00D35127 /* Main.storyboard */; };
		E5EE01E01E318F9E00A1EF90 /* SignupViewController.swift in Sources */ = {isa = PBXBuildFile; fileRef = E5EE01DF1E318F9E00A1EF90 /* SignupViewController.swift */; };
		F2F767BCF2EAF39CB1EE4031 /* Pods_wip_meenagram.framework in Frameworks */ = {isa = PBXBuildFile; fileRef = 13CC16813EA43DB19E015A38 /* Pods_wip_meenagram.framework */; };
/* End PBXBuildFile section */

/* Begin PBXFileReference section */
		014358C9624754B82D5F5AA1 /* Pods-wip_meenagram.debug.xcconfig */ = {isa = PBXFileReference; includeInIndex = 1; lastKnownFileType = text.xcconfig; name = "Pods-wip_meenagram.debug.xcconfig"; path = "Pods/Target Support Files/Pods-wip_meenagram/Pods-wip_meenagram.debug.xcconfig"; sourceTree = "<group>"; };
		0F89B89F70D248E97525220A /* Pods-wip_meenagram.release.xcconfig */ = {isa = PBXFileReference; includeInIndex = 1; lastKnownFileType = text.xcconfig; name = "Pods-wip_meenagram.release.xcconfig"; path = "Pods/Target Support Files/Pods-wip_meenagram/Pods-wip_meenagram.release.xcconfig"; sourceTree = "<group>"; };
		13CC16813EA43DB19E015A38 /* Pods_wip_meenagram.framework */ = {isa = PBXFileReference; explicitFileType = wrapper.framework; includeInIndex = 0; path = Pods_wip_meenagram.framework; sourceTree = BUILT_PRODUCTS_DIR; };
		242F07BA1E2C4A5500400462 /* wip_meenagram.app */ = {isa = PBXFileReference; explicitFileType = wrapper.application; includeInIndex = 0; path = wip_meenagram.app; sourceTree = BUILT_PRODUCTS_DIR; };
		242F07BD1E2C4A5500400462 /* AppDelegate.swift */ = {isa = PBXFileReference; lastKnownFileType = sourcecode.swift; path = AppDelegate.swift; sourceTree = "<group>"; };
		242F07C41E2C4A5600400462 /* Assets.xcassets */ = {isa = PBXFileReference; lastKnownFileType = folder.assetcatalog; path = Assets.xcassets; sourceTree = "<group>"; };
		242F07C71E2C4A5600400462 /* Base */ = {isa = PBXFileReference; lastKnownFileType = file.storyboard; name = Base; path = Base.lproj/LaunchScreen.storyboard; sourceTree = "<group>"; };
		242F07C91E2C4A5600400462 /* Info.plist */ = {isa = PBXFileReference; lastKnownFileType = text.plist.xml; path = Info.plist; sourceTree = "<group>"; };
		2459F03D1E2D385C00B67E3A /* ic_send.png */ = {isa = PBXFileReference; lastKnownFileType = image.png; name = ic_send.png; path = ic_send_black_24dp/ios/ic_send.imageset/ic_send.png; sourceTree = "<group>"; };
		2459F03E1E2D385C00B67E3A /* ic_send_2x.png */ = {isa = PBXFileReference; lastKnownFileType = image.png; name = ic_send_2x.png; path = ic_send_black_24dp/ios/ic_send.imageset/ic_send_2x.png; sourceTree = "<group>"; };
		2459F03F1E2D385C00B67E3A /* ic_send_3x.png */ = {isa = PBXFileReference; lastKnownFileType = image.png; name = ic_send_3x.png; path = ic_send_black_24dp/ios/ic_send.imageset/ic_send_3x.png; sourceTree = "<group>"; };
		2459F0541E2D39F000B67E3A /* ic_arrow_back_18pt_3x.png */ = {isa = PBXFileReference; lastKnownFileType = image.png; path = ic_arrow_back_18pt_3x.png; sourceTree = "<group>"; };
		2459F0551E2D39F000B67E3A /* ic_arrow_back_18pt.png */ = {isa = PBXFileReference; lastKnownFileType = image.png; path = ic_arrow_back_18pt.png; sourceTree = "<group>"; };
		2459F05A1E2D3CAC00B67E3A /* ic_add_a_photo_18pt_2x.png */ = {isa = PBXFileReference; lastKnownFileType = image.png; path = ic_add_a_photo_18pt_2x.png; sourceTree = "<group>"; };
		2459F05B1E2D3CAC00B67E3A /* ic_add_a_photo_18pt_3x.png */ = {isa = PBXFileReference; lastKnownFileType = image.png; path = ic_add_a_photo_18pt_3x.png; sourceTree = "<group>"; };
		2459F05C1E2D3CAC00B67E3A /* ic_add_a_photo_18pt.png */ = {isa = PBXFileReference; lastKnownFileType = image.png; path = ic_add_a_photo_18pt.png; sourceTree = "<group>"; };
		2459F0601E2D618400B67E3A /* GoogleService-Info.plist */ = {isa = PBXFileReference; fileEncoding = 4; lastKnownFileType = text.plist.xml; path = "GoogleService-Info.plist"; sourceTree = "<group>"; };
		249D85731E3047DF00AFF5D1 /* wip_meenagram.entitlements */ = {isa = PBXFileReference; lastKnownFileType = text.plist.entitlements; path = wip_meenagram.entitlements; sourceTree = "<group>"; };
		E547B5721E39809E00F2075B /* LoginViewController.swift */ = {isa = PBXFileReference; fileEncoding = 4; lastKnownFileType = sourcecode.swift; path = LoginViewController.swift; sourceTree = "<group>"; };
		E55C36191E38389E0026E90E /* MainAppViewController.swift */ = {isa = PBXFileReference; fileEncoding = 4; lastKnownFileType = sourcecode.swift; path = MainAppViewController.swift; sourceTree = "<group>"; };
		E5C2A57A1E31378600D35127 /* RootPageViewController.swift */ = {isa = PBXFileReference; fileEncoding = 4; lastKnownFileType = sourcecode.swift; path = RootPageViewController.swift; sourceTree = "<group>"; };
		E5C2A57C1E31383E00D35127 /* Main.storyboard */ = {isa = PBXFileReference; fileEncoding = 4; lastKnownFileType = file.storyboard; name = Main.storyboard; path = ../Main.storyboard; sourceTree = "<group>"; };
		E5EE01DF1E318F9E00A1EF90 /* SignupViewController.swift */ = {isa = PBXFileReference; fileEncoding = 4; lastKnownFileType = sourcecode.swift; path = SignupViewController.swift; sourceTree = "<group>"; };
/* End PBXFileReference section */

/* Begin PBXFrameworksBuildPhase section */
		242F07B71E2C4A5500400462 /* Frameworks */ = {
			isa = PBXFrameworksBuildPhase;
			buildActionMask = 2147483647;
			files = (
				F2F767BCF2EAF39CB1EE4031 /* Pods_wip_meenagram.framework in Frameworks */,
			);
			runOnlyForDeploymentPostprocessing = 0;
		};
/* End PBXFrameworksBuildPhase section */

/* Begin PBXGroup section */
		242F07B11E2C4A5500400462 = {
			isa = PBXGroup;
			children = (
				242F07BC1E2C4A5500400462 /* wip_meenagram */,
				242F07BB1E2C4A5500400462 /* Products */,
				2B0896D69A0726F681215DF4 /* Pods */,
				84A6FE03F8A4DBC890C49EC9 /* Frameworks */,
			);
			sourceTree = "<group>";
		};
		242F07BB1E2C4A5500400462 /* Products */ = {
			isa = PBXGroup;
			children = (
				242F07BA1E2C4A5500400462 /* wip_meenagram.app */,
			);
			name = Products;
			sourceTree = "<group>";
		};
		242F07BC1E2C4A5500400462 /* wip_meenagram */ = {
			isa = PBXGroup;
			children = (
				242F07BD1E2C4A5500400462 /* AppDelegate.swift */,
				E547B5721E39809E00F2075B /* LoginViewController.swift */,
				E5C2A57A1E31378600D35127 /* RootPageViewController.swift */,
				E55C36191E38389E0026E90E /* MainAppViewController.swift */,
				E5EE01DF1E318F9E00A1EF90 /* SignupViewController.swift */,
				2459F0601E2D618400B67E3A /* GoogleService-Info.plist */,
				249D85731E3047DF00AFF5D1 /* wip_meenagram.entitlements */,
				E5C2A57C1E31383E00D35127 /* Main.storyboard */,
				242F07C41E2C4A5600400462 /* Assets.xcassets */,
				2459F0591E2D39F700B67E3A /*  supporting images */,
				242F07C61E2C4A5600400462 /* LaunchScreen.storyboard */,
				242F07C91E2C4A5600400462 /* Info.plist */,
			);
			path = wip_meenagram;
			sourceTree = "<group>";
		};
		2459F0591E2D39F700B67E3A /*  supporting images */ = {
			isa = PBXGroup;
			children = (
				2459F05A1E2D3CAC00B67E3A /* ic_add_a_photo_18pt_2x.png */,
				2459F05B1E2D3CAC00B67E3A /* ic_add_a_photo_18pt_3x.png */,
				2459F05C1E2D3CAC00B67E3A /* ic_add_a_photo_18pt.png */,
				2459F0541E2D39F000B67E3A /* ic_arrow_back_18pt_3x.png */,
				2459F0551E2D39F000B67E3A /* ic_arrow_back_18pt.png */,
				2459F03D1E2D385C00B67E3A /* ic_send.png */,
				2459F03E1E2D385C00B67E3A /* ic_send_2x.png */,
				2459F03F1E2D385C00B67E3A /* ic_send_3x.png */,
			);
			name = " supporting images";
			sourceTree = "<group>";
		};
		2B0896D69A0726F681215DF4 /* Pods */ = {
			isa = PBXGroup;
			children = (
				014358C9624754B82D5F5AA1 /* Pods-wip_meenagram.debug.xcconfig */,
				0F89B89F70D248E97525220A /* Pods-wip_meenagram.release.xcconfig */,
			);
			name = Pods;
			sourceTree = "<group>";
		};
		84A6FE03F8A4DBC890C49EC9 /* Frameworks */ = {
			isa = PBXGroup;
			children = (
				13CC16813EA43DB19E015A38 /* Pods_wip_meenagram.framework */,
			);
			name = Frameworks;
			sourceTree = "<group>";
		};
/* End PBXGroup section */

/* Begin PBXNativeTarget section */
		242F07B91E2C4A5500400462 /* wip_meenagram */ = {
			isa = PBXNativeTarget;
			buildConfigurationList = 242F07CC1E2C4A5600400462 /* Build configuration list for PBXNativeTarget "wip_meenagram" */;
			buildPhases = (
				943E5E46789A29014D0C23F5 /* [CP] Check Pods Manifest.lock */,
				242F07B61E2C4A5500400462 /* Sources */,
				242F07B71E2C4A5500400462 /* Frameworks */,
				242F07B81E2C4A5500400462 /* Resources */,
				574ED029D6BB59C093B3DEFC /* [CP] Embed Pods Frameworks */,
				1632BA84B545C041EC7BD8CE /* [CP] Copy Pods Resources */,
			);
			buildRules = (
			);
			dependencies = (
			);
			name = wip_meenagram;
			productName = wip_meenagram;
			productReference = 242F07BA1E2C4A5500400462 /* wip_meenagram.app */;
			productType = "com.apple.product-type.application";
		};
/* End PBXNativeTarget section */

/* Begin PBXProject section */
		242F07B21E2C4A5500400462 /* Project object */ = {
			isa = PBXProject;
			attributes = {
				LastSwiftUpdateCheck = 0820;
				LastUpgradeCheck = 0820;
				ORGANIZATIONNAME = "Meena LLC";
				TargetAttributes = {
					242F07B91E2C4A5500400462 = {
						CreatedOnToolsVersion = 8.2.1;
						DevelopmentTeam = Y4SR2WZDLM;
						ProvisioningStyle = Automatic;
						SystemCapabilities = {
							com.apple.Keychain = {
								enabled = 1;
							};
						};
					};
				};
			};
			buildConfigurationList = 242F07B51E2C4A5500400462 /* Build configuration list for PBXProject "wip_meenagram" */;
			compatibilityVersion = "Xcode 3.2";
			developmentRegion = English;
			hasScannedForEncodings = 0;
			knownRegions = (
				en,
				Base,
			);
			mainGroup = 242F07B11E2C4A5500400462;
			productRefGroup = 242F07BB1E2C4A5500400462 /* Products */;
			projectDirPath = "";
			projectRoot = "";
			targets = (
				242F07B91E2C4A5500400462 /* wip_meenagram */,
			);
		};
/* End PBXProject section */

/* Begin PBXResourcesBuildPhase section */
		242F07B81E2C4A5500400462 /* Resources */ = {
			isa = PBXResourcesBuildPhase;
			buildActionMask = 2147483647;
			files = (
				2459F0571E2D39F000B67E3A /* ic_arrow_back_18pt_3x.png in Resources */,
				242F07C81E2C4A5600400462 /* LaunchScreen.storyboard in Resources */,
				2459F05F1E2D3CAC00B67E3A /* ic_add_a_photo_18pt.png in Resources */,
				242F07C51E2C4A5600400462 /* Assets.xcassets in Resources */,
				2459F0611E2D618400B67E3A /* GoogleService-Info.plist in Resources */,
				2459F04E1E2D385C00B67E3A /* ic_send.png in Resources */,
				2459F05E1E2D3CAC00B67E3A /* ic_add_a_photo_18pt_3x.png in Resources */,
				2459F0501E2D385C00B67E3A /* ic_send_3x.png in Resources */,
				E5C2A57D1E31383E00D35127 /* Main.storyboard in Resources */,
				2459F05D1E2D3CAC00B67E3A /* ic_add_a_photo_18pt_2x.png in Resources */,
				2459F04F1E2D385C00B67E3A /* ic_send_2x.png in Resources */,
				2459F0581E2D39F000B67E3A /* ic_arrow_back_18pt.png in Resources */,
			);
			runOnlyForDeploymentPostprocessing = 0;
		};
/* End PBXResourcesBuildPhase section */

/* Begin PBXShellScriptBuildPhase section */
		1632BA84B545C041EC7BD8CE /* [CP] Copy Pods Resources */ = {
			isa = PBXShellScriptBuildPhase;
			buildActionMask = 2147483647;
			files = (
			);
			inputPaths = (
			);
			name = "[CP] Copy Pods Resources";
			outputPaths = (
			);
			runOnlyForDeploymentPostprocessing = 0;
			shellPath = /bin/sh;
			shellScript = "\"${SRCROOT}/Pods/Target Support Files/Pods-wip_meenagram/Pods-wip_meenagram-resources.sh\"\n";
			showEnvVarsInLog = 0;
		};
		574ED029D6BB59C093B3DEFC /* [CP] Embed Pods Frameworks */ = {
			isa = PBXShellScriptBuildPhase;
			buildActionMask = 2147483647;
			files = (
			);
			inputPaths = (
			);
			name = "[CP] Embed Pods Frameworks";
			outputPaths = (
			);
			runOnlyForDeploymentPostprocessing = 0;
			shellPath = /bin/sh;
			shellScript = "\"${SRCROOT}/Pods/Target Support Files/Pods-wip_meenagram/Pods-wip_meenagram-frameworks.sh\"\n";
			showEnvVarsInLog = 0;
		};
		943E5E46789A29014D0C23F5 /* [CP] Check Pods Manifest.lock */ = {
			isa = PBXShellScriptBuildPhase;
			buildActionMask = 2147483647;
			files = (
			);
			inputPaths = (
			);
			name = "[CP] Check Pods Manifest.lock";
			outputPaths = (
			);
			runOnlyForDeploymentPostprocessing = 0;
			shellPath = /bin/sh;
			shellScript = "diff \"${PODS_ROOT}/../Podfile.lock\" \"${PODS_ROOT}/Manifest.lock\" > /dev/null\nif [ $? != 0 ] ; then\n    # print error to STDERR\n    echo \"error: The sandbox is not in sync with the Podfile.lock. Run 'pod install' or update your CocoaPods installation.\" >&2\n    exit 1\nfi\n";
			showEnvVarsInLog = 0;
		};
/* End PBXShellScriptBuildPhase section */

/* Begin PBXSourcesBuildPhase section */
		242F07B61E2C4A5500400462 /* Sources */ = {
			isa = PBXSourcesBuildPhase;
			buildActionMask = 2147483647;
			files = (
				E5EE01E01E318F9E00A1EF90 /* SignupViewController.swift in Sources */,
				242F07BE1E2C4A5500400462 /* AppDelegate.swift in Sources */,
				E5C2A57B1E31378600D35127 /* RootPageViewController.swift in Sources */,
				E547B5731E39809E00F2075B /* LoginViewController.swift in Sources */,
				E55C361A1E38389E0026E90E /* MainAppViewController.swift in Sources */,
			);
			runOnlyForDeploymentPostprocessing = 0;
		};
/* End PBXSourcesBuildPhase section */

/* Begin PBXVariantGroup section */
		242F07C61E2C4A5600400462 /* LaunchScreen.storyboard */ = {
			isa = PBXVariantGroup;
			children = (
				242F07C71E2C4A5600400462 /* Base */,
			);
			name = LaunchScreen.storyboard;
			sourceTree = "<group>";
		};
/* End PBXVariantGroup section */

/* Begin XCBuildConfiguration section */
		242F07CA1E2C4A5600400462 /* Debug */ = {
			isa = XCBuildConfiguration;
			buildSettings = {
				ALWAYS_SEARCH_USER_PATHS = NO;
				CLANG_ANALYZER_NONNULL = YES;
				CLANG_CXX_LANGUAGE_STANDARD = "gnu++0x";
				CLANG_CXX_LIBRARY = "libc++";
				CLANG_ENABLE_MODULES = YES;
				CLANG_ENABLE_OBJC_ARC = YES;
				CLANG_WARN_BOOL_CONVERSION = YES;
				CLANG_WARN_CONSTANT_CONVERSION = YES;
				CLANG_WARN_DIRECT_OBJC_ISA_USAGE = YES_ERROR;
				CLANG_WARN_DOCUMENTATION_COMMENTS = YES;
				CLANG_WARN_EMPTY_BODY = YES;
				CLANG_WARN_ENUM_CONVERSION = YES;
				CLANG_WARN_INFINITE_RECURSION = YES;
				CLANG_WARN_INT_CONVERSION = YES;
				CLANG_WARN_OBJC_ROOT_CLASS = YES_ERROR;
				CLANG_WARN_SUSPICIOUS_MOVE = YES;
				CLANG_WARN_UNREACHABLE_CODE = YES;
				CLANG_WARN__DUPLICATE_METHOD_MATCH = YES;
				"CODE_SIGN_IDENTITY[sdk=iphoneos*]" = "iPhone Developer";
				COPY_PHASE_STRIP = NO;
				DEBUG_INFORMATION_FORMAT = dwarf;
				ENABLE_STRICT_OBJC_MSGSEND = YES;
				ENABLE_TESTABILITY = YES;
				GCC_C_LANGUAGE_STANDARD = gnu99;
				GCC_DYNAMIC_NO_PIC = NO;
				GCC_NO_COMMON_BLOCKS = YES;
				GCC_OPTIMIZATION_LEVEL = 0;
				GCC_PREPROCESSOR_DEFINITIONS = (
					"DEBUG=1",
					"$(inherited)",
				);
				GCC_WARN_64_TO_32_BIT_CONVERSION = YES;
				GCC_WARN_ABOUT_RETURN_TYPE = YES_ERROR;
				GCC_WARN_UNDECLARED_SELECTOR = YES;
				GCC_WARN_UNINITIALIZED_AUTOS = YES_AGGRESSIVE;
				GCC_WARN_UNUSED_FUNCTION = YES;
				GCC_WARN_UNUSED_VARIABLE = YES;
				IPHONEOS_DEPLOYMENT_TARGET = 10.2;
				MTL_ENABLE_DEBUG_INFO = YES;
				ONLY_ACTIVE_ARCH = YES;
				SDKROOT = iphoneos;
				SWIFT_ACTIVE_COMPILATION_CONDITIONS = DEBUG;
				SWIFT_OPTIMIZATION_LEVEL = "-Onone";
			};
			name = Debug;
		};
		242F07CB1E2C4A5600400462 /* Release */ = {
			isa = XCBuildConfiguration;
			buildSettings = {
				ALWAYS_SEARCH_USER_PATHS = NO;
				CLANG_ANALYZER_NONNULL = YES;
				CLANG_CXX_LANGUAGE_STANDARD = "gnu++0x";
				CLANG_CXX_LIBRARY = "libc++";
				CLANG_ENABLE_MODULES = YES;
				CLANG_ENABLE_OBJC_ARC = YES;
				CLANG_WARN_BOOL_CONVERSION = YES;
				CLANG_WARN_CONSTANT_CONVERSION = YES;
				CLANG_WARN_DIRECT_OBJC_ISA_USAGE = YES_ERROR;
				CLANG_WARN_DOCUMENTATION_COMMENTS = YES;
				CLANG_WARN_EMPTY_BODY = YES;
				CLANG_WARN_ENUM_CONVERSION = YES;
				CLANG_WARN_INFINITE_RECURSION = YES;
				CLANG_WARN_INT_CONVERSION = YES;
				CLANG_WARN_OBJC_ROOT_CLASS = YES_ERROR;
				CLANG_WARN_SUSPICIOUS_MOVE = YES;
				CLANG_WARN_UNREACHABLE_CODE = YES;
				CLANG_WARN__DUPLICATE_METHOD_MATCH = YES;
				"CODE_SIGN_IDENTITY[sdk=iphoneos*]" = "iPhone Developer";
				COPY_PHASE_STRIP = NO;
				DEBUG_INFORMATION_FORMAT = "dwarf-with-dsym";
				ENABLE_NS_ASSERTIONS = NO;
				ENABLE_STRICT_OBJC_MSGSEND = YES;
				GCC_C_LANGUAGE_STANDARD = gnu99;
				GCC_NO_COMMON_BLOCKS = YES;
				GCC_WARN_64_TO_32_BIT_CONVERSION = YES;
				GCC_WARN_ABOUT_RETURN_TYPE = YES_ERROR;
				GCC_WARN_UNDECLARED_SELECTOR = YES;
				GCC_WARN_UNINITIALIZED_AUTOS = YES_AGGRESSIVE;
				GCC_WARN_UNUSED_FUNCTION = YES;
				GCC_WARN_UNUSED_VARIABLE = YES;
				IPHONEOS_DEPLOYMENT_TARGET = 10.2;
				MTL_ENABLE_DEBUG_INFO = NO;
				SDKROOT = iphoneos;
				SWIFT_OPTIMIZATION_LEVEL = "-Owholemodule";
				VALIDATE_PRODUCT = YES;
			};
			name = Release;
		};
		242F07CD1E2C4A5600400462 /* Debug */ = {
			isa = XCBuildConfiguration;
			baseConfigurationReference = 014358C9624754B82D5F5AA1 /* Pods-wip_meenagram.debug.xcconfig */;
			buildSettings = {
				ASSETCATALOG_COMPILER_APPICON_NAME = AppIcon;
				CODE_SIGN_ENTITLEMENTS = wip_meenagram/wip_meenagram.entitlements;
				DEVELOPMENT_TEAM = Y4SR2WZDLM;
				INFOPLIST_FILE = wip_meenagram/Info.plist;
				LD_RUNPATH_SEARCH_PATHS = "$(inherited) @executable_path/Frameworks";
				PRODUCT_BUNDLE_IDENTIFIER = "com.meenabeans.wip-meenagram";
				PRODUCT_NAME = "$(TARGET_NAME)";
				SWIFT_VERSION = 3.0;
			};
			name = Debug;
		};
		242F07CE1E2C4A5600400462 /* Release */ = {
			isa = XCBuildConfiguration;
			baseConfigurationReference = 0F89B89F70D248E97525220A /* Pods-wip_meenagram.release.xcconfig */;
			buildSettings = {
				ASSETCATALOG_COMPILER_APPICON_NAME = AppIcon;
				CODE_SIGN_ENTITLEMENTS = wip_meenagram/wip_meenagram.entitlements;
				DEVELOPMENT_TEAM = Y4SR2WZDLM;
				INFOPLIST_FILE = wip_meenagram/Info.plist;
				LD_RUNPATH_SEARCH_PATHS = "$(inherited) @executable_path/Frameworks";
				PRODUCT_BUNDLE_IDENTIFIER = "com.meenabeans.wip-meenagram";
				PRODUCT_NAME = "$(TARGET_NAME)";
				SWIFT_VERSION = 3.0;
			};
			name = Release;
		};
/* End XCBuildConfiguration section */

/* Begin XCConfigurationList section */
		242F07B51E2C4A5500400462 /* Build configuration list for PBXProject "wip_meenagram" */ = {
			isa = XCConfigurationList;
			buildConfigurations = (
				242F07CA1E2C4A5600400462 /* Debug */,
				242F07CB1E2C4A5600400462 /* Release */,
			);
			defaultConfigurationIsVisible = 0;
			defaultConfigurationName = Release;
		};
		242F07CC1E2C4A5600400462 /* Build configuration list for PBXNativeTarget "wip_meenagram" */ = {
			isa = XCConfigurationList;
			buildConfigurations = (
				242F07CD1E2C4A5600400462 /* Debug */,
				242F07CE1E2C4A5600400462 /* Release */,
			);
			defaultConfigurationIsVisible = 0;
			defaultConfigurationName = Release;
		};
/* End XCConfigurationList section */
	};
	rootObject = 242F07B21E2C4A5500400462 /* Project object */;
}
